
Microsoft Visual Studio Solution File, Format Version 12.00
# Visual Studio Version 17
VisualStudioVersion = 17.0.31912.275
MinimumVisualStudioVersion = 10.0.40219.1
Project("{FAE04EC0-301F-11D3-BF4B-00C04F79EFBC}") = "DissertationTests", "DissertationTests\DissertationTests.csproj", "{34D94516-2E2C-4701-AA04-E6E95C4AF8A4}"
EndProject
Global
	GlobalSection(SolutionConfigurationPlatforms) = preSolution
		Debug|Any CPU = Debug|Any CPU
		Release|Any CPU = Release|Any CPU
	EndGlobalSection
	GlobalSection(ProjectConfigurationPlatforms) = postSolution
		{34D94516-2E2C-4701-AA04-E6E95C4AF8A4}.Debug|Any CPU.ActiveCfg = Debug|Any CPU
		{34D94516-2E2C-4701-AA04-E6E95C4AF8A4}.Debug|Any CPU.Build.0 = Debug|Any CPU
		{34D94516-2E2C-4701-AA04-E6E95C4AF8A4}.Release|Any CPU.ActiveCfg = Release|Any CPU
		{34D94516-2E2C-4701-AA04-E6E95C4AF8A4}.Release|Any CPU.Build.0 = Release|Any CPU
	EndGlobalSection
	GlobalSection(SolutionProperties) = preSolution
		HideSolutionNode = FALSE
	EndGlobalSection
	GlobalSection(ExtensibilityGlobals) = postSolution
		SolutionGuid = {255ADD25-9E6E-48FB-B4CE-6CCFADA2031F}
	EndGlobalSection
EndGlobal
